{
  "requires": true,
  "lockfileVersion": 1,
  "dependencies": {
    "elm-brunch": {
      "version": "0.12.0",
      "resolved": "https://registry.npmjs.org/elm-brunch/-/elm-brunch-0.12.0.tgz",
      "integrity": "sha512-+5mhlszoUs4V/6LPXBYX9mhTk68sOkfxnxaQWwA2fRwLEf6adG2knWTpOE7W1QTudnZ5rgtIlGPCU8DzdmlkyQ==",
      "dev": true
    }
  }
}
